
Microsoft Visual Studio Solution File, Format Version 12.00
# Visual Studio Version 16
VisualStudioVersion = 16.0.29318.209
MinimumVisualStudioVersion = 10.0.40219.1
Project("{FAE04EC0-301F-11D3-BF4B-00C04F79EFBC}") = "XamarinNavigation", "XamarinNavigation\XamarinNavigation.csproj", "{CC01B9F8-72F7-45DC-BB2E-A963ADE42680}"
EndProject
Project("{FAE04EC0-301F-11D3-BF4B-00C04F79EFBC}") = "XamarinNavigation.Unity", "XamarinNavigation.Unity\XamarinNavigation.Unity.csproj", "{8333D277-EE86-4C93-8369-65137353A2FF}"
EndProject
Global
	GlobalSection(SolutionConfigurationPlatforms) = preSolution
		Debug|Any CPU = Debug|Any CPU
		Release|Any CPU = Release|Any CPU
	EndGlobalSection
	GlobalSection(ProjectConfigurationPlatforms) = postSolution
		{CC01B9F8-72F7-45DC-BB2E-A963ADE42680}.Debug|Any CPU.ActiveCfg = Debug|Any CPU
		{CC01B9F8-72F7-45DC-BB2E-A963ADE42680}.Debug|Any CPU.Build.0 = Debug|Any CPU
		{CC01B9F8-72F7-45DC-BB2E-A963ADE42680}.Release|Any CPU.ActiveCfg = Release|Any CPU
		{CC01B9F8-72F7-45DC-BB2E-A963ADE42680}.Release|Any CPU.Build.0 = Release|Any CPU
		{8333D277-EE86-4C93-8369-65137353A2FF}.Debug|Any CPU.ActiveCfg = Debug|Any CPU
		{8333D277-EE86-4C93-8369-65137353A2FF}.Debug|Any CPU.Build.0 = Debug|Any CPU
		{8333D277-EE86-4C93-8369-65137353A2FF}.Release|Any CPU.ActiveCfg = Release|Any CPU
		{8333D277-EE86-4C93-8369-65137353A2FF}.Release|Any CPU.Build.0 = Release|Any CPU
	EndGlobalSection
	GlobalSection(SolutionProperties) = preSolution
		HideSolutionNode = FALSE
	EndGlobalSection
	GlobalSection(ExtensibilityGlobals) = postSolution
		SolutionGuid = {78693563-15C0-40D4-8ACD-9AF6133EEEA3}
	EndGlobalSection
EndGlobal
